
Microsoft Visual Studio Solution File, Format Version 12.00
# Visual Studio Version 16
VisualStudioVersion = 16.0.30621.155
MinimumVisualStudioVersion = 10.0.40219.1
Project("{FAE04EC0-301F-11D3-BF4B-00C04F79EFBC}") = "WebApplication Asp angular", "WebApplication Asp angular\WebApplication Asp angular.csproj", "{EB6470D1-64CC-43F1-8B66-505D827479B0}"
EndProject
Global
	GlobalSection(SolutionConfigurationPlatforms) = preSolution
		Debug|Any CPU = Debug|Any CPU
		Release|Any CPU = Release|Any CPU
	EndGlobalSection
	GlobalSection(ProjectConfigurationPlatforms) = postSolution
		{EB6470D1-64CC-43F1-8B66-505D827479B0}.Debug|Any CPU.ActiveCfg = Debug|Any CPU
		{EB6470D1-64CC-43F1-8B66-505D827479B0}.Debug|Any CPU.Build.0 = Debug|Any CPU
		{EB6470D1-64CC-43F1-8B66-505D827479B0}.Release|Any CPU.ActiveCfg = Release|Any CPU
		{EB6470D1-64CC-43F1-8B66-505D827479B0}.Release|Any CPU.Build.0 = Release|Any CPU
	EndGlobalSection
	GlobalSection(SolutionProperties) = preSolution
		HideSolutionNode = FALSE
	EndGlobalSection
	GlobalSection(ExtensibilityGlobals) = postSolution
		SolutionGuid = {1C3C868C-070D-4820-98D1-FD5AE29B1790}
	EndGlobalSection
EndGlobal
